
Microsoft Visual Studio Solution File, Format Version 12.00
# Visual Studio Version 17
VisualStudioVersion = 17.12.35707.178 d17.12
MinimumVisualStudioVersion = 10.0.40219.1
Project("{FAE04EC0-301F-11D3-BF4B-00C04F79EFBC}") = "Api", "Api.csproj", "{B3816C87-DDE8-4D72-B77F-40474893C851}"
EndProject
Project("{FAE04EC0-301F-11D3-BF4B-00C04F79EFBC}") = "Domain", "..\Domain\Domain.csproj", "{057AE2BF-35F9-46AC-83A0-C2E34A3B17A9}"
EndProject
Project("{FAE04EC0-301F-11D3-BF4B-00C04F79EFBC}") = "Application", "..\Application\Application.csproj", "{8BB36EBA-14D0-41FE-A899-0907313196E6}"
EndProject
Project("{FAE04EC0-301F-11D3-BF4B-00C04F79EFBC}") = "Infrastructure", "..\Infrastructure\Infrastructure.csproj", "{41360539-E6BC-4082-A869-528B3BF33BC4}"
EndProject
Global
	GlobalSection(SolutionConfigurationPlatforms) = preSolution
		Debug|Any CPU = Debug|Any CPU
		Release|Any CPU = Release|Any CPU
	EndGlobalSection
	GlobalSection(ProjectConfigurationPlatforms) = postSolution
		{B3816C87-DDE8-4D72-B77F-40474893C851}.Debug|Any CPU.ActiveCfg = Debug|Any CPU
		{B3816C87-DDE8-4D72-B77F-40474893C851}.Debug|Any CPU.Build.0 = Debug|Any CPU
		{B3816C87-DDE8-4D72-B77F-40474893C851}.Release|Any CPU.ActiveCfg = Release|Any CPU
		{B3816C87-DDE8-4D72-B77F-40474893C851}.Release|Any CPU.Build.0 = Release|Any CPU
		{057AE2BF-35F9-46AC-83A0-C2E34A3B17A9}.Debug|Any CPU.ActiveCfg = Debug|Any CPU
		{057AE2BF-35F9-46AC-83A0-C2E34A3B17A9}.Debug|Any CPU.Build.0 = Debug|Any CPU
		{057AE2BF-35F9-46AC-83A0-C2E34A3B17A9}.Release|Any CPU.ActiveCfg = Release|Any CPU
		{057AE2BF-35F9-46AC-83A0-C2E34A3B17A9}.Release|Any CPU.Build.0 = Release|Any CPU
		{8BB36EBA-14D0-41FE-A899-0907313196E6}.Debug|Any CPU.ActiveCfg = Debug|Any CPU
		{8BB36EBA-14D0-41FE-A899-0907313196E6}.Debug|Any CPU.Build.0 = Debug|Any CPU
		{8BB36EBA-14D0-41FE-A899-0907313196E6}.Release|Any CPU.ActiveCfg = Release|Any CPU
		{8BB36EBA-14D0-41FE-A899-0907313196E6}.Release|Any CPU.Build.0 = Release|Any CPU
		{41360539-E6BC-4082-A869-528B3BF33BC4}.Debug|Any CPU.ActiveCfg = Debug|Any CPU
		{41360539-E6BC-4082-A869-528B3BF33BC4}.Debug|Any CPU.Build.0 = Debug|Any CPU
		{41360539-E6BC-4082-A869-528B3BF33BC4}.Release|Any CPU.ActiveCfg = Release|Any CPU
		{41360539-E6BC-4082-A869-528B3BF33BC4}.Release|Any CPU.Build.0 = Release|Any CPU
	EndGlobalSection
	GlobalSection(SolutionProperties) = preSolution
		HideSolutionNode = FALSE
	EndGlobalSection
EndGlobal
